
Microsoft Visual Studio Solution File, Format Version 12.00
# Visual Studio Version 16
VisualStudioVersion = 16.0.29123.88
MinimumVisualStudioVersion = 10.0.40219.1
Project("{FAE04EC0-301F-11D3-BF4B-00C04F79EFBC}") = "NOI_Hackathon_Summer_Edition_2019_API", "NOI_Hackathon_Summer_Edition_2019_API\NOI_Hackathon_Summer_Edition_2019_API.csproj", "{E5191AEE-E17A-432C-A65C-A936BE92EF83}"
EndProject
Global
	GlobalSection(SolutionConfigurationPlatforms) = preSolution
		Debug|Any CPU = Debug|Any CPU
		Release|Any CPU = Release|Any CPU
	EndGlobalSection
	GlobalSection(ProjectConfigurationPlatforms) = postSolution
		{E5191AEE-E17A-432C-A65C-A936BE92EF83}.Debug|Any CPU.ActiveCfg = Debug|Any CPU
		{E5191AEE-E17A-432C-A65C-A936BE92EF83}.Debug|Any CPU.Build.0 = Debug|Any CPU
		{E5191AEE-E17A-432C-A65C-A936BE92EF83}.Release|Any CPU.ActiveCfg = Release|Any CPU
		{E5191AEE-E17A-432C-A65C-A936BE92EF83}.Release|Any CPU.Build.0 = Release|Any CPU
	EndGlobalSection
	GlobalSection(SolutionProperties) = preSolution
		HideSolutionNode = FALSE
	EndGlobalSection
	GlobalSection(ExtensibilityGlobals) = postSolution
		SolutionGuid = {A256658E-88CB-435F-B5E6-17E6F9927CF1}
	EndGlobalSection
EndGlobal
